
Microsoft Visual Studio Solution File, Format Version 12.00
# Visual Studio 2013
VisualStudioVersion = 12.0.21005.1
MinimumVisualStudioVersion = 10.0.40219.1
Project("{FAE04EC0-301F-11D3-BF4B-00C04F79EFBC}") = "TimeGraph.Web", "TimeGraph v1.0\TimeGraph.Web.csproj", "{4E0E5B45-8ADE-4EB0-8F20-FA21F70EF8B8}"
EndProject
Project("{FAE04EC0-301F-11D3-BF4B-00C04F79EFBC}") = "TimeGraph v1.0.Tests", "TimeGraph v1.0.Tests\TimeGraph v1.0.Tests.csproj", "{AB0F1B88-472E-4C57-AC85-BD13161C4C1E}"
EndProject
Project("{FAE04EC0-301F-11D3-BF4B-00C04F79EFBC}") = "TimeGraph.Data", "TimeGraph.Data\TimeGraph.Data.csproj", "{30E3E41C-4556-4753-9688-7A6BA6DC3550}"
EndProject
Project("{FAE04EC0-301F-11D3-BF4B-00C04F79EFBC}") = "TimeGraph.Core", "TimeGraph.Core\TimeGraph.Core.csproj", "{7F6AC164-C158-46FA-AEF9-E18157E70821}"
EndProject
Global
	GlobalSection(SolutionConfigurationPlatforms) = preSolution
		Debug|Any CPU = Debug|Any CPU
		Release|Any CPU = Release|Any CPU
	EndGlobalSection
	GlobalSection(ProjectConfigurationPlatforms) = postSolution
		{4E0E5B45-8ADE-4EB0-8F20-FA21F70EF8B8}.Debug|Any CPU.ActiveCfg = Debug|Any CPU
		{4E0E5B45-8ADE-4EB0-8F20-FA21F70EF8B8}.Debug|Any CPU.Build.0 = Debug|Any CPU
		{4E0E5B45-8ADE-4EB0-8F20-FA21F70EF8B8}.Release|Any CPU.ActiveCfg = Release|Any CPU
		{4E0E5B45-8ADE-4EB0-8F20-FA21F70EF8B8}.Release|Any CPU.Build.0 = Release|Any CPU
		{AB0F1B88-472E-4C57-AC85-BD13161C4C1E}.Debug|Any CPU.ActiveCfg = Debug|Any CPU
		{AB0F1B88-472E-4C57-AC85-BD13161C4C1E}.Debug|Any CPU.Build.0 = Debug|Any CPU
		{AB0F1B88-472E-4C57-AC85-BD13161C4C1E}.Release|Any CPU.ActiveCfg = Release|Any CPU
		{AB0F1B88-472E-4C57-AC85-BD13161C4C1E}.Release|Any CPU.Build.0 = Release|Any CPU
		{30E3E41C-4556-4753-9688-7A6BA6DC3550}.Debug|Any CPU.ActiveCfg = Debug|Any CPU
		{30E3E41C-4556-4753-9688-7A6BA6DC3550}.Debug|Any CPU.Build.0 = Debug|Any CPU
		{30E3E41C-4556-4753-9688-7A6BA6DC3550}.Release|Any CPU.ActiveCfg = Release|Any CPU
		{30E3E41C-4556-4753-9688-7A6BA6DC3550}.Release|Any CPU.Build.0 = Release|Any CPU
		{7F6AC164-C158-46FA-AEF9-E18157E70821}.Debug|Any CPU.ActiveCfg = Debug|Any CPU
		{7F6AC164-C158-46FA-AEF9-E18157E70821}.Debug|Any CPU.Build.0 = Debug|Any CPU
		{7F6AC164-C158-46FA-AEF9-E18157E70821}.Release|Any CPU.ActiveCfg = Release|Any CPU
		{7F6AC164-C158-46FA-AEF9-E18157E70821}.Release|Any CPU.Build.0 = Release|Any CPU
	EndGlobalSection
	GlobalSection(SolutionProperties) = preSolution
		HideSolutionNode = FALSE
	EndGlobalSection
EndGlobal
